
Microsoft Visual Studio Solution File, Format Version 12.00
# Visual Studio Version 16
VisualStudioVersion = 16.0.30011.22
MinimumVisualStudioVersion = 10.0.40219.1
Project("{FAE04EC0-301F-11D3-BF4B-00C04F79EFBC}") = "VerilogHDL", "VerilogHDL\VerilogHDL.csproj", "{B1E44A38-3C00-4FD3-AAC9-E25D86662713}"
EndProject
Global
	GlobalSection(SolutionConfigurationPlatforms) = preSolution
		Debug|Any CPU = Debug|Any CPU
		Release|Any CPU = Release|Any CPU
	EndGlobalSection
	GlobalSection(ProjectConfigurationPlatforms) = postSolution
		{B1E44A38-3C00-4FD3-AAC9-E25D86662713}.Debug|Any CPU.ActiveCfg = Debug|Any CPU
		{B1E44A38-3C00-4FD3-AAC9-E25D86662713}.Debug|Any CPU.Build.0 = Debug|Any CPU
		{B1E44A38-3C00-4FD3-AAC9-E25D86662713}.Release|Any CPU.ActiveCfg = Release|Any CPU
		{B1E44A38-3C00-4FD3-AAC9-E25D86662713}.Release|Any CPU.Build.0 = Release|Any CPU
	EndGlobalSection
	GlobalSection(SolutionProperties) = preSolution
		HideSolutionNode = FALSE
	EndGlobalSection
	GlobalSection(ExtensibilityGlobals) = postSolution
		SolutionGuid = {AF4948A2-6137-4765-827F-8640F476A7F8}
	EndGlobalSection
EndGlobal
